
Microsoft Visual Studio Solution File, Format Version 12.00
# Visual Studio Version 17
VisualStudioVersion = 17.5.33424.131
MinimumVisualStudioVersion = 10.0.40219.1
Project("{FAE04EC0-301F-11D3-BF4B-00C04F79EFBC}") = "ManipulandoArquivos", "ManipulandoArquivos\ManipulandoArquivos.csproj", "{822766A5-CA99-4137-8F1B-6D8EF9B4D7AE}"
EndProject
Global
	GlobalSection(SolutionConfigurationPlatforms) = preSolution
		Debug|Any CPU = Debug|Any CPU
		Release|Any CPU = Release|Any CPU
	EndGlobalSection
	GlobalSection(ProjectConfigurationPlatforms) = postSolution
		{822766A5-CA99-4137-8F1B-6D8EF9B4D7AE}.Debug|Any CPU.ActiveCfg = Debug|Any CPU
		{822766A5-CA99-4137-8F1B-6D8EF9B4D7AE}.Debug|Any CPU.Build.0 = Debug|Any CPU
		{822766A5-CA99-4137-8F1B-6D8EF9B4D7AE}.Release|Any CPU.ActiveCfg = Release|Any CPU
		{822766A5-CA99-4137-8F1B-6D8EF9B4D7AE}.Release|Any CPU.Build.0 = Release|Any CPU
	EndGlobalSection
	GlobalSection(SolutionProperties) = preSolution
		HideSolutionNode = FALSE
	EndGlobalSection
	GlobalSection(ExtensibilityGlobals) = postSolution
		SolutionGuid = {BE96643F-06D8-44A7-85BE-E54FF2171A45}
	EndGlobalSection
EndGlobal
